
Microsoft Visual Studio Solution File, Format Version 12.00
# Visual Studio Version 17
VisualStudioVersion = 17.10.35122.118
MinimumVisualStudioVersion = 10.0.40219.1
Project("{888888A0-9F3D-457C-B088-3A5042F75D52}") = "AI-ChatBot", "AI-ChatBot\AI-ChatBot.pyproj", "{58F64FB6-9379-4B8C-A54F-13A57C1D3CFE}"
EndProject
Global
	GlobalSection(SolutionConfigurationPlatforms) = preSolution
		Debug|Any CPU = Debug|Any CPU
		Release|Any CPU = Release|Any CPU
	EndGlobalSection
	GlobalSection(ProjectConfigurationPlatforms) = postSolution
		{58F64FB6-9379-4B8C-A54F-13A57C1D3CFE}.Debug|Any CPU.ActiveCfg = Debug|Any CPU
		{58F64FB6-9379-4B8C-A54F-13A57C1D3CFE}.Release|Any CPU.ActiveCfg = Release|Any CPU
	EndGlobalSection
	GlobalSection(SolutionProperties) = preSolution
		HideSolutionNode = FALSE
	EndGlobalSection
	GlobalSection(ExtensibilityGlobals) = postSolution
		SolutionGuid = {52382E81-7229-42BC-813A-694974EA7AAB}
	EndGlobalSection
EndGlobal
